{
	"requires": true,
	"lockfileVersion": 1,
	"dependencies": {
		"ansi-diff": {
			"version": "1.1.1",
			"resolved": "https://registry.npmjs.org/ansi-diff/-/ansi-diff-1.1.1.tgz",
			"integrity": "sha512-XnTdFDQzbEewrDx8epWXdw7oqHMvv315vEtfqDiEhhWghIf4++h26c3/FMz7iTLhNrnj56DNIXpbxHZq+3s6qw==",
			"requires": {
				"ansi-split": "^1.0.1"
			}
		},
		"ansi-regex": {
			"version": "3.0.0",
			"resolved": "https://registry.npmjs.org/ansi-regex/-/ansi-regex-3.0.0.tgz",
			"integrity": "sha1-7QMXwyIGT3lGbAKWa922Bas32Zg="
		},
		"ansi-split": {
			"version": "1.0.1",
			"resolved": "https://registry.npmjs.org/ansi-split/-/ansi-split-1.0.1.tgz",
			"integrity": "sha512-RRxQym4DFtDNmHIkW6aeFVvrXURb11lGAEPXNiryjCe8bK8RsANjzJ0M2aGOkvBYwP4Bl/xZ8ijtr6D3j1x/eg==",
			"requires": {
				"ansi-regex": "^3.0.0"
			}
		},
		"atomic-sleep": {
			"version": "1.0.0",
			"resolved": "https://registry.npmjs.org/atomic-sleep/-/atomic-sleep-1.0.0.tgz",
			"integrity": "sha512-kNOjDqAh7px0XWNI+4QbzoiR/nTkHAWNud2uvnJquD1/x5a7EQZMJT0AczqK0Qn67oY/TTQ1LbUKajZpp3I9tQ=="
		},
		"chloride": {
			"version": "2.2.14",
			"resolved": "https://registry.npmjs.org/chloride/-/chloride-2.2.14.tgz",
			"integrity": "sha512-Jp3kpDIO4MlcJCFi4jER9P7k3sAVvIwbe4QJtM9Nkp43e/GQ/98HU1wJS6NdU6cbzfGrKWmMdRB+VNRrCynzfw==",
			"requires": {
				"is-electron": "^2.2.0",
				"sodium-browserify": "^1.2.7",
				"sodium-browserify-tweetnacl": "^0.2.5",
				"sodium-chloride": "^1.1.2",
				"sodium-native": "^2.1.6"
			}
		},
		"chloride-test": {
			"version": "1.2.4",
			"resolved": "https://registry.npmjs.org/chloride-test/-/chloride-test-1.2.4.tgz",
			"integrity": "sha512-9vhoi1qXSBPn6//ZxIgSe3M2QhKHzIPZQzmrZgmPADsqW0Jxpe3db1e7aGSRUMXbxAQ04SfypdT8dGaSvIvKDw==",
			"requires": {
				"json-buffer": "^2.0.11"
			}
		},
		"colorette": {
			"version": "1.2.1",
			"resolved": "https://registry.npmjs.org/colorette/-/colorette-1.2.1.tgz",
			"integrity": "sha512-puCDz0CzydiSYOrnXpz/PKd69zRrribezjtE9yd4zvytoRc8+RY/KJPvtPFKZS3E3wP6neGyMe0vOTlHO5L3Pw=="
		},
		"debug": {
			"version": "4.1.1",
			"resolved": "https://registry.npmjs.org/debug/-/debug-4.1.1.tgz",
			"integrity": "sha512-pYAIzeRo8J6KPEaJ0VWOh5Pzkbw/RetuzehGM7QRRX5he4fPHx2rdKMB256ehJCkX+XRQm16eZLqLNS8RSZXZw==",
			"requires": {
				"ms": "^2.1.1"
			}
		},
		"deep-extend": {
			"version": "0.6.0",
			"resolved": "https://registry.npmjs.org/deep-extend/-/deep-extend-0.6.0.tgz",
			"integrity": "sha512-LOHxIOaPYdHlJRtCQfDIVZtfw/ufM8+rVj649RIHzcm/vGwQRXFt6OPqIFWsm2XEMrNIEtWR64sY1LEKD2vAOA=="
		},
		"diffy": {
			"version": "2.1.0",
			"resolved": "https://registry.npmjs.org/diffy/-/diffy-2.1.0.tgz",
			"integrity": "sha512-BIo2fEAv3U0YmyuM1XTijwZ/OJjmXnlSvsguQy3LOaz5C2R/vrMy8SCRdQn1iz3KhBJYJzy+918xS/PKY/47lw==",
			"requires": {
				"ansi-diff": "^1.0.10",
				"neat-input": "^1.9.0"
			}
		},
		"ed2curve": {
			"version": "0.1.4",
			"resolved": "https://registry.npmjs.org/ed2curve/-/ed2curve-0.1.4.tgz",
			"integrity": "sha1-lKRCSLuH2jXbDv968KpXYWgRf1k=",
			"requires": {
				"tweetnacl": "0.x.x"
			}
		},
		"explain-error": {
			"version": "1.0.4",
			"resolved": "https://registry.npmjs.org/explain-error/-/explain-error-1.0.4.tgz",
			"integrity": "sha1-p5PTrAytTGq1cemWj7urbLJTKSk="
		},
		"fast-redact": {
			"version": "2.0.0",
			"resolved": "https://registry.npmjs.org/fast-redact/-/fast-redact-2.0.0.tgz",
			"integrity": "sha512-zxpkULI9W9MNTK2sJ3BpPQrTEXFNESd2X6O1tXMFpK/XM0G5c5Rll2EVYZH2TqI3xRGK/VaJ+eEOt7pnENJpeA=="
		},
		"fast-safe-stringify": {
			"version": "2.0.7",
			"resolved": "https://registry.npmjs.org/fast-safe-stringify/-/fast-safe-stringify-2.0.7.tgz",
			"integrity": "sha512-Utm6CdzT+6xsDk2m8S6uL8VHxNwI6Jub+e9NYTcAms28T84pTa25GJQV9j0CY0N1rM8hK4x6grpF2BQf+2qwVA=="
		},
		"flatstr": {
			"version": "1.0.12",
			"resolved": "https://registry.npmjs.org/flatstr/-/flatstr-1.0.12.tgz",
			"integrity": "sha512-4zPxDyhCyiN2wIAtSLI6gc82/EjqZc1onI4Mz/l0pWrAlsSfYH/2ZIcU+e3oA2wDwbzIWNKwa23F8rh6+DRWkw=="
		},
		"increment-buffer": {
			"version": "1.0.1",
			"resolved": "https://registry.npmjs.org/increment-buffer/-/increment-buffer-1.0.1.tgz",
			"integrity": "sha1-ZQdtdRidgIs5rROrW5WOBSFvng0="
		},
		"inherits": {
			"version": "2.0.4",
			"resolved": "https://registry.npmjs.org/inherits/-/inherits-2.0.4.tgz",
			"integrity": "sha512-k/vGaX4/Yla3WzyMCvTQOXYeIHvqOKtnqBduzTHpzpQZzAskKMhZ2K+EnBiSM9zGSoIFeMpXKxa4dYeZIQqewQ=="
		},
		"ini": {
			"version": "1.3.5",
			"resolved": "https://registry.npmjs.org/ini/-/ini-1.3.5.tgz",
			"integrity": "sha512-RZY5huIKCMRWDUqZlEi72f/lmXKMvuszcMBduliQ3nnWbx9X/ZBQO7DijMEYS9EhHBb2qacRUMtC7svLwe0lcw=="
		},
		"ip": {
			"version": "1.1.5",
			"resolved": "https://registry.npmjs.org/ip/-/ip-1.1.5.tgz",
			"integrity": "sha1-vd7XARQpCCjAoDnnLvJfWq7ENUo="
		},
		"is-electron": {
			"version": "2.2.0",
			"resolved": "https://registry.npmjs.org/is-electron/-/is-electron-2.2.0.tgz",
			"integrity": "sha512-SpMppC2XR3YdxSzczXReBjqs2zGscWQpBIKqwXYBFic0ERaxNVgwLCHwOLZeESfdJQjX0RDvrJ1lBXX2ij+G1Q=="
		},
		"json-buffer": {
			"version": "2.0.11",
			"resolved": "https://registry.npmjs.org/json-buffer/-/json-buffer-2.0.11.tgz",
			"integrity": "sha1-PkQf2jCYvo0eMXGtWRvGKjPi1V8="
		},
		"keypress": {
			"version": "0.2.1",
			"resolved": "https://registry.npmjs.org/keypress/-/keypress-0.2.1.tgz",
			"integrity": "sha1-HoBFQlABjbrUw/6USX1uZ7YmnHc="
		},
		"libsodium": {
			"version": "0.7.6",
			"resolved": "https://registry.npmjs.org/libsodium/-/libsodium-0.7.6.tgz",
			"integrity": "sha512-hPb/04sEuLcTRdWDtd+xH3RXBihpmbPCsKW/Jtf4PsvdyKh+D6z2D2gvp/5BfoxseP+0FCOg66kE+0oGUE/loQ=="
		},
		"libsodium-wrappers": {
			"version": "0.7.6",
			"resolved": "https://registry.npmjs.org/libsodium-wrappers/-/libsodium-wrappers-0.7.6.tgz",
			"integrity": "sha512-OUO2CWW5bHdLr6hkKLHIKI4raEkZrf3QHkhXsJ1yCh6MZ3JDA7jFD3kCATNquuGSG6MjjPHQIQms0y0gBDzjQg==",
			"requires": {
				"libsodium": "0.7.6"
			}
		},
		"lodash.get": {
			"version": "4.4.2",
			"resolved": "https://registry.npmjs.org/lodash.get/-/lodash.get-4.4.2.tgz",
			"integrity": "sha1-LRd/ZS+jHpObRDjVNBSZ36OCXpk="
		},
		"looper": {
			"version": "3.0.0",
			"resolved": "https://registry.npmjs.org/looper/-/looper-3.0.0.tgz",
			"integrity": "sha1-LvpUw7HLq6m5Su4uWRSwvlf7t0k="
		},
		"minimist": {
			"version": "1.2.5",
			"resolved": "https://registry.npmjs.org/minimist/-/minimist-1.2.5.tgz",
			"integrity": "sha512-FM9nNUYrRBAELZQT3xeZQ7fmMOBg6nWNmJKTcgsJeaLstP/UODVpGsr5OhXhhXg6f+qtJ8uiZ+PUxkDWcgIXLw=="
		},
		"mkdirp": {
			"version": "0.5.5",
			"resolved": "https://registry.npmjs.org/mkdirp/-/mkdirp-0.5.5.tgz",
			"integrity": "sha512-NKmAlESf6jMGym1++R0Ra7wvhV+wFW63FaSOFPwRahvea0gMUcGUhVeAg/0BC0wiv9ih5NYPB1Wn1UEI1/L+xQ==",
			"requires": {
				"minimist": "^1.2.5"
			}
		},
		"ms": {
			"version": "2.1.2",
			"resolved": "https://registry.npmjs.org/ms/-/ms-2.1.2.tgz",
			"integrity": "sha512-sGkPx+VjMtmA6MX27oA4FBFELFCZZ4S4XqeGOXCv68tT+jb3vk/RyaKWP0PTKyWtmLSM0b+adUTEvbs1PEaH2w=="
		},
		"multicb": {
			"version": "1.2.2",
			"resolved": "https://registry.npmjs.org/multicb/-/multicb-1.2.2.tgz",
			"integrity": "sha512-PZM4dhYFmCF6uZGWpEmoPMUqJBywS9IcAgybT2GmSpYI1BvGvoWSdbio+ik+q/YD2vodhvslESWIS3NnkKYdqQ=="
		},
		"multiserver": {
			"version": "3.6.0",
			"resolved": "https://registry.npmjs.org/multiserver/-/multiserver-3.6.0.tgz",
			"integrity": "sha512-MeANpx7//lJTwYKLYfsucdRvDafbyxaijUm9BhmF+QfLBMGRebNoKRYLhZItbHYAcsI0HBTtpBVHNw+bmRRnFQ==",
			"requires": {
				"debug": "^4.1.1",
				"multicb": "^1.2.2",
				"multiserver-scopes": "^1.0.0",
				"pull-cat": "~1.1.5",
				"pull-stream": "^3.6.1",
				"pull-ws": "^3.3.0",
				"secret-handshake": "^1.1.16",
				"separator-escape": "0.0.0",
				"socks": "^2.2.3",
				"stream-to-pull-stream": "^1.7.2"
			}
		},
		"multiserver-scopes": {
			"version": "1.0.0",
			"resolved": "https://registry.npmjs.org/multiserver-scopes/-/multiserver-scopes-1.0.0.tgz",
			"integrity": "sha512-D3q4IujGRUIKETfR5s0kRtvXTjAMhyl7rtLEMXtvkg0lJPJyS5KYsAULFFy+dYv/+RC642aR1zo/RKNp6sdtQg==",
			"requires": {
				"non-private-ip": "^1.4.4"
			}
		},
		"muxrpc": {
			"version": "6.5.0",
			"resolved": "https://registry.npmjs.org/muxrpc/-/muxrpc-6.5.0.tgz",
			"integrity": "sha512-8kCo33LTYPYWAJGi2Ag2ukcluoNqJIe6Ay9QtGf7EXAUlTuMSA0HqR7jCbXt7DQPR4Alu/T3/mOguuERpDMGcw==",
			"requires": {
				"explain-error": "^1.0.1",
				"packet-stream": "~2.0.0",
				"packet-stream-codec": "^1.1.1",
				"pull-goodbye": "0.0.2",
				"pull-stream": "^3.6.10"
			}
		},
		"nan": {
			"version": "2.14.1",
			"resolved": "https://registry.npmjs.org/nan/-/nan-2.14.1.tgz",
			"integrity": "sha512-isWHgVjnFjh2x2yuJ/tj3JbwoHu3UC2dX5G/88Cm24yB6YopVgxvBObDY7n5xW6ExmFhJpSEQqFPvq9zaXc8Jw==",
			"optional": true
		},
		"neat-input": {
			"version": "1.11.1",
			"resolved": "https://registry.npmjs.org/neat-input/-/neat-input-1.11.1.tgz",
			"integrity": "sha512-fWo4KrgeLB2TPQ4d8BF1DexvOJYvYuj0IGtSL4Ri3UuT59lJnYiu90xMCMfciySXLVHdWhXq/10A/I/pBynh0g==",
			"requires": {
				"keypress": "^0.2.1"
			}
		},
		"node-gyp-build": {
			"version": "4.2.3",
			"resolved": "https://registry.npmjs.org/node-gyp-build/-/node-gyp-build-4.2.3.tgz",
			"integrity": "sha512-MN6ZpzmfNCRM+3t57PTJHgHyw/h4OWnZ6mR8P5j/uZtqQr46RRuDE/P+g3n0YR/AiYXeWixZZzaip77gdICfRg==",
			"optional": true
		},
		"non-private-ip": {
			"version": "1.4.4",
			"resolved": "https://registry.npmjs.org/non-private-ip/-/non-private-ip-1.4.4.tgz",
			"integrity": "sha512-K9nTVFOGUOYutaG8ywiKpCdVu458RFxSgSJ0rribUxtf5iLM9B2+raFJgkID3p5op0+twmoQqFaPnu9KYz6qzg==",
			"requires": {
				"ip": "^1.1.5"
			}
		},
		"options": {
			"version": "0.0.6",
			"resolved": "https://registry.npmjs.org/options/-/options-0.0.6.tgz",
			"integrity": "sha1-7CLTEoBrtT5zF3Pnza788cZDEo8="
		},
		"os-homedir": {
			"version": "1.0.2",
			"resolved": "https://registry.npmjs.org/os-homedir/-/os-homedir-1.0.2.tgz",
			"integrity": "sha1-/7xJiDNuDoM94MFox+8VISGqf7M="
		},
		"packet-stream": {
			"version": "2.0.5",
			"resolved": "https://registry.npmjs.org/packet-stream/-/packet-stream-2.0.5.tgz",
			"integrity": "sha512-+4S+qBUdqD57ka5MDd6nAYGBPril5eyLpbga2y0kPyYhrKvjb8CYTP9r40WLbSxgT/qEGmvgWOrvQe+FYtCI7w=="
		},
		"packet-stream-codec": {
			"version": "1.1.2",
			"resolved": "https://registry.npmjs.org/packet-stream-codec/-/packet-stream-codec-1.1.2.tgz",
			"integrity": "sha1-ebMC/BRM37tKtv66cEDmpdmcecc=",
			"requires": {
				"pull-reader": "^1.2.4",
				"pull-through": "^1.0.17"
			}
		},
		"pino": {
			"version": "6.4.1",
			"resolved": "https://registry.npmjs.org/pino/-/pino-6.4.1.tgz",
			"integrity": "sha512-1zDSQworQZw14tvqjuW5aj5GV5oUQpV5Bz5wnpVVltVPBzaOoV1Dv+oKn1xNCz2CCkOyZd+kkdlel9lCLBYl+Q==",
			"requires": {
				"fast-redact": "^2.0.0",
				"fast-safe-stringify": "^2.0.7",
				"flatstr": "^1.0.12",
				"pino-std-serializers": "^2.4.2",
				"quick-format-unescaped": "^4.0.1",
				"sonic-boom": "^1.0.0"
			}
		},
		"pino-std-serializers": {
			"version": "2.4.2",
			"resolved": "https://registry.npmjs.org/pino-std-serializers/-/pino-std-serializers-2.4.2.tgz",
			"integrity": "sha512-WaL504dO8eGs+vrK+j4BuQQq6GLKeCCcHaMB2ItygzVURcL1CycwNEUHTD/lHFHs/NL5qAz2UKrjYWXKSf4aMQ=="
		},
		"private-box": {
			"version": "0.3.1",
			"resolved": "https://registry.npmjs.org/private-box/-/private-box-0.3.1.tgz",
			"integrity": "sha512-abAuk3ZDyQvPLY6MygtwaDTUBIZ0C5wMMuX1jXa0svazV+keTwn7cPobRv4WYA9ctsDUztm/9CYu4y2TPL08xw==",
			"requires": {
				"chloride": "^2.2.9"
			}
		},
		"pull-box-stream": {
			"version": "1.0.13",
			"resolved": "https://registry.npmjs.org/pull-box-stream/-/pull-box-stream-1.0.13.tgz",
			"integrity": "sha1-w+JAOY6rP1lRsu0QeMWYi/egork=",
			"requires": {
				"chloride": "^2.2.7",
				"increment-buffer": "~1.0.0",
				"pull-reader": "^1.2.5",
				"pull-stream": "^3.2.3",
				"pull-through": "^1.0.18",
				"split-buffer": "~1.0.0"
			}
		},
		"pull-cat": {
			"version": "1.1.11",
			"resolved": "https://registry.npmjs.org/pull-cat/-/pull-cat-1.1.11.tgz",
			"integrity": "sha1-tkLdElXaN2pwa220+pYvX9t0wxs="
		},
		"pull-goodbye": {
			"version": "0.0.2",
			"resolved": "https://registry.npmjs.org/pull-goodbye/-/pull-goodbye-0.0.2.tgz",
			"integrity": "sha1-jYNX21XiKnEN//DxaoyQtF7+QXE=",
			"requires": {
				"pull-stream": "~3.5.0"
			},
			"dependencies": {
				"pull-stream": {
					"version": "3.5.0",
					"resolved": "https://registry.npmjs.org/pull-stream/-/pull-stream-3.5.0.tgz",
					"integrity": "sha1-HuW292/Ts6SaWvtt7VwDIKyzz8c="
				}
			}
		},
		"pull-handshake": {
			"version": "1.1.4",
			"resolved": "https://registry.npmjs.org/pull-handshake/-/pull-handshake-1.1.4.tgz",
			"integrity": "sha1-YACg/QGIhM39c3JU+Mxgqypjd5E=",
			"requires": {
				"pull-cat": "^1.1.9",
				"pull-pair": "~1.1.0",
				"pull-pushable": "^2.0.0",
				"pull-reader": "^1.2.3"
			}
		},
		"pull-hash": {
			"version": "1.0.0",
			"resolved": "https://registry.npmjs.org/pull-hash/-/pull-hash-1.0.0.tgz",
			"integrity": "sha1-/K1NJQe/LCsyMfZT3Jv7LbTw2Iw="
		},
		"pull-pair": {
			"version": "1.1.0",
			"resolved": "https://registry.npmjs.org/pull-pair/-/pull-pair-1.1.0.tgz",
			"integrity": "sha1-fuQnJj/fTaglOXrAoF4atLdL120="
		},
		"pull-pushable": {
			"version": "2.2.0",
			"resolved": "https://registry.npmjs.org/pull-pushable/-/pull-pushable-2.2.0.tgz",
			"integrity": "sha1-Xy867UethpGfAbEqLpnW8b13ZYE="
		},
		"pull-reader": {
			"version": "1.3.1",
			"resolved": "https://registry.npmjs.org/pull-reader/-/pull-reader-1.3.1.tgz",
			"integrity": "sha512-CBkejkE5nX50SiSEzu0Qoz4POTJMS/mw8G6aj3h3M/RJoKgggLxyF0IyTZ0mmpXFlXRcLmLmIEW4xeYn7AeDYw=="
		},
		"pull-stream": {
			"version": "3.6.14",
			"resolved": "https://registry.npmjs.org/pull-stream/-/pull-stream-3.6.14.tgz",
			"integrity": "sha512-KIqdvpqHHaTUA2mCYcLG1ibEbu/LCKoJZsBWyv9lSYtPkJPBq8m3Hxa103xHi6D2thj5YXa0TqK3L3GUkwgnew=="
		},
		"pull-through": {
			"version": "1.0.18",
			"resolved": "https://registry.npmjs.org/pull-through/-/pull-through-1.0.18.tgz",
			"integrity": "sha1-jdYjFCY+Wc9Qlur7sSeitu8xBzU=",
			"requires": {
				"looper": "~3.0.0"
			}
		},
		"pull-ws": {
			"version": "3.3.2",
			"resolved": "https://registry.npmjs.org/pull-ws/-/pull-ws-3.3.2.tgz",
			"integrity": "sha512-Bn4bcJsSzJGOQl4RBulDhG1FkcbDHSCXteI8Jg5k4X6X5TxVzZzKilWJ1WV2v4OnRXl2eYbtHFGsPl8Cr1xJzw==",
			"requires": {
				"relative-url": "^1.0.2",
				"safe-buffer": "^5.1.1",
				"ws": "^1.1.0"
			}
		},
		"quick-format-unescaped": {
			"version": "4.0.1",
			"resolved": "https://registry.npmjs.org/quick-format-unescaped/-/quick-format-unescaped-4.0.1.tgz",
			"integrity": "sha512-RyYpQ6Q5/drsJyOhrWHYMWTedvjTIat+FTwv0K4yoUxzvekw2aRHMQJLlnvt8UantkZg2++bEzD9EdxXqkWf4A=="
		},
		"rc": {
			"version": "1.2.8",
			"resolved": "https://registry.npmjs.org/rc/-/rc-1.2.8.tgz",
			"integrity": "sha512-y3bGgqKj3QBdxLbLkomlohkvsA8gdAiUQlSBJnBhfn+BPxg4bc62d8TcBW15wavDfgexCgccckhcZvywyQYPOw==",
			"requires": {
				"deep-extend": "^0.6.0",
				"ini": "~1.3.0",
				"minimist": "^1.2.0",
				"strip-json-comments": "~2.0.1"
			}
		},
		"relative-url": {
			"version": "1.0.2",
			"resolved": "https://registry.npmjs.org/relative-url/-/relative-url-1.0.2.tgz",
			"integrity": "sha1-0hxSpy1gYQGLzun5yfwQa/fWUoc="
		},
		"safe-buffer": {
			"version": "5.2.1",
			"resolved": "https://registry.npmjs.org/safe-buffer/-/safe-buffer-5.2.1.tgz",
			"integrity": "sha512-rp3So07KcdmmKbGvgaNxQSJr7bGVSVk5S9Eq1F+ppbRo70+YeaDxkw5Dd8NPN+GD6bjnYm2VuPuCXmpuYvmCXQ=="
		},
		"secret-handshake": {
			"version": "1.1.20",
			"resolved": "https://registry.npmjs.org/secret-handshake/-/secret-handshake-1.1.20.tgz",
			"integrity": "sha512-sDtmZDpibGH2ixj3FOmsC3Z/b08eaB2/KAvy2oSp4qvcGdhatBSfb1RdVpwjQl5c3J83WbBo1HSZ7DBtMu43lA==",
			"requires": {
				"chloride": "^2.2.8",
				"explain-error": "^1.0.4",
				"pull-box-stream": "^1.0.13",
				"pull-handshake": "^1.1.1",
				"pull-stream": "^3.4.5"
			}
		},
		"separator-escape": {
			"version": "0.0.0",
			"resolved": "https://registry.npmjs.org/separator-escape/-/separator-escape-0.0.0.tgz",
			"integrity": "sha1-5DNnaTICBFTjwUhwxRfqHeVsL6Q="
		},
		"sha.js": {
			"version": "2.4.5",
			"resolved": "https://registry.npmjs.org/sha.js/-/sha.js-2.4.5.tgz",
			"integrity": "sha1-J9Fx78yCoRi5ljn/WBZgJCtQbnw=",
			"requires": {
				"inherits": "^2.0.1"
			}
		},
		"smart-buffer": {
			"version": "4.1.0",
			"resolved": "https://registry.npmjs.org/smart-buffer/-/smart-buffer-4.1.0.tgz",
			"integrity": "sha512-iVICrxOzCynf/SNaBQCw34eM9jROU/s5rzIhpOvzhzuYHfJR/DhZfDkXiZSgKXfgv26HT3Yni3AV/DGw0cGnnw=="
		},
		"socks": {
			"version": "2.4.1",
			"resolved": "https://registry.npmjs.org/socks/-/socks-2.4.1.tgz",
			"integrity": "sha512-8mWHeYC1OA0500qzb+sqwm0Hzi8oBpeuI1JugoBVMEJtJvxSgco8xFSK+NRnZcHeeWjTbF82KUDo5sXH22TY5A==",
			"requires": {
				"ip": "1.1.5",
				"smart-buffer": "^4.1.0"
			}
		},
		"sodium-browserify": {
			"version": "1.3.0",
			"resolved": "https://registry.npmjs.org/sodium-browserify/-/sodium-browserify-1.3.0.tgz",
			"integrity": "sha512-1KRS6Oew3X13AIZhbmGF0YBdt2pQdafJMfv83OZHWbzxG92YBBnN8HYx/VKmYB4xCe90eidNaDJWBEFw/o3ahw==",
			"requires": {
				"libsodium-wrappers": "^0.7.4",
				"sha.js": "2.4.5",
				"sodium-browserify-tweetnacl": "^0.2.5",
				"tweetnacl": "^0.14.1"
			}
		},
		"sodium-browserify-tweetnacl": {
			"version": "0.2.6",
			"resolved": "https://registry.npmjs.org/sodium-browserify-tweetnacl/-/sodium-browserify-tweetnacl-0.2.6.tgz",
			"integrity": "sha512-ZnEI26hdluilpYY28Xc4rc1ALfmEp2TWihkJX6Mdtw0z9RfHfpZJU7P8DoKbN1HcBdU9aJmguFZs7igE8nLJPg==",
			"requires": {
				"chloride-test": "^1.1.0",
				"ed2curve": "^0.1.4",
				"sha.js": "^2.4.8",
				"tweetnacl": "^1.0.1",
				"tweetnacl-auth": "^0.3.0"
			},
			"dependencies": {
				"sha.js": {
					"version": "2.4.11",
					"resolved": "https://registry.npmjs.org/sha.js/-/sha.js-2.4.11.tgz",
					"integrity": "sha512-QMEp5B7cftE7APOjk5Y6xgrbWu+WkLVQwk8JNjZ8nKRciZaByEW6MubieAiToS7+dwvrjGhH8jRXz3MVd0AYqQ==",
					"requires": {
						"inherits": "^2.0.1",
						"safe-buffer": "^5.0.1"
					}
				},
				"tweetnacl": {
					"version": "1.0.3",
					"resolved": "https://registry.npmjs.org/tweetnacl/-/tweetnacl-1.0.3.tgz",
					"integrity": "sha512-6rt+RN7aOi1nGMyC4Xa5DdYiukl2UWCbcJft7YhxReBGQD7OAM8Pbxw6YMo4r2diNEA8FEmu32YOn9rhaiE5yw=="
				}
			}
		},
		"sodium-chloride": {
			"version": "1.1.2",
			"resolved": "https://registry.npmjs.org/sodium-chloride/-/sodium-chloride-1.1.2.tgz",
			"integrity": "sha512-8AVzr9VHueXqfzfkzUA0aXe/Q4XG3UTmhlP6Pt+HQc5bbAPIJFo7ZIMh9tvn+99QuiMcyDJdYumegGAczl0N+g=="
		},
		"sodium-native": {
			"version": "2.4.9",
			"resolved": "https://registry.npmjs.org/sodium-native/-/sodium-native-2.4.9.tgz",
			"integrity": "sha512-mbkiyA2clyfwAyOFIzMvsV6ny2KrKEIhFVASJxWfsmgfUEymgLIS2MLHHcGIQMkrcKhPErRaMR5Dzv0EEn+BWg==",
			"optional": true,
			"requires": {
				"ini": "^1.3.5",
				"nan": "^2.14.0",
				"node-gyp-build": "^4.1.0"
			}
		},
		"sonic-boom": {
			"version": "1.0.2",
			"resolved": "https://registry.npmjs.org/sonic-boom/-/sonic-boom-1.0.2.tgz",
			"integrity": "sha512-sRMmXu7uFDXoniGvtLHuQk5KWovLWoi6WKASn7rw0ro41mPf0fOolkGp4NE6680CbxvNh26zWNyFQYYWXe33EA==",
			"requires": {
				"atomic-sleep": "^1.0.0",
				"flatstr": "^1.0.12"
			}
		},
		"split-buffer": {
			"version": "1.0.0",
			"resolved": "https://registry.npmjs.org/split-buffer/-/split-buffer-1.0.0.tgz",
			"integrity": "sha1-t+jgq1E0UVi3LB9tvvJAbVHx0Cc="
		},
		"ssb-caps": {
			"version": "1.1.0",
			"resolved": "https://registry.npmjs.org/ssb-caps/-/ssb-caps-1.1.0.tgz",
			"integrity": "sha512-qe3qpvchJ+gnH8M/ge4rpL+7eRbSmsEAzNwHkDdrW06OBcziQ6/KuAdmcR6joxCbNeoAXAZF+inkefgE16okXA=="
		},
		"ssb-client": {
			"version": "4.9.0",
			"resolved": "https://registry.npmjs.org/ssb-client/-/ssb-client-4.9.0.tgz",
			"integrity": "sha512-5wPrVA82Uk3deV2oiCZEbm1kMp9r/5xTT2VvwwMLZS3fDD9FnLOi0kjUUh3OTP+jGBK7bVHRmnvXIVy6ETnSpA==",
			"requires": {
				"explain-error": "^1.0.1",
				"multicb": "^1.2.1",
				"multiserver": "^3.1.2",
				"muxrpc": "^6.5.0",
				"pull-hash": "^1.0.0",
				"pull-stream": "^3.6.0",
				"ssb-config": "^3.4.4",
				"ssb-keys": "^7.2.1"
			}
		},
		"ssb-config": {
			"version": "3.4.4",
			"resolved": "https://registry.npmjs.org/ssb-config/-/ssb-config-3.4.4.tgz",
			"integrity": "sha512-J3fsWb5nS6PqObZLW2tclEz/bkRQ5pcF9goXanYGVsoH71F6W4f5sOnck9szeubI8srNaiL9pa0kPRv/lojHiw==",
			"requires": {
				"deep-extend": "^0.6.0",
				"ip": "^1.1.5",
				"lodash.get": "^4.4.2",
				"os-homedir": "^1.0.1",
				"rc": "^1.1.6",
				"ssb-caps": "^1.0.1",
				"ssb-keys": "^7.1.4"
			}
		},
		"ssb-keys": {
			"version": "7.2.2",
			"resolved": "https://registry.npmjs.org/ssb-keys/-/ssb-keys-7.2.2.tgz",
			"integrity": "sha512-FPeyYU/3LpxcagnbmVWE+Q/qzg6keqeOBPbD7sEH9UKixUASeufPKiORDgh8nVX7J9Z+0vUaHt/WG999kGjvVQ==",
			"requires": {
				"chloride": "^2.2.8",
				"mkdirp": "~0.5.0",
				"private-box": "^0.3.0"
			}
		},
		"stream-to-pull-stream": {
			"version": "1.7.3",
			"resolved": "https://registry.npmjs.org/stream-to-pull-stream/-/stream-to-pull-stream-1.7.3.tgz",
			"integrity": "sha512-6sNyqJpr5dIOQdgNy/xcDWwDuzAsAwVzhzrWlAPAQ7Lkjx/rv0wgvxEyKwTq6FmNd5rjTrELt/CLmaSw7crMGg==",
			"requires": {
				"looper": "^3.0.0",
				"pull-stream": "^3.2.3"
			}
		},
		"strip-json-comments": {
			"version": "2.0.1",
			"resolved": "https://registry.npmjs.org/strip-json-comments/-/strip-json-comments-2.0.1.tgz",
			"integrity": "sha1-PFMZQukIwml8DsNEhYwobHygpgo="
		},
		"tweetnacl": {
			"version": "0.14.5",
			"resolved": "https://registry.npmjs.org/tweetnacl/-/tweetnacl-0.14.5.tgz",
			"integrity": "sha1-WuaBd/GS1EViadEIr6k/+HQ/T2Q="
		},
		"tweetnacl-auth": {
			"version": "0.3.1",
			"resolved": "https://registry.npmjs.org/tweetnacl-auth/-/tweetnacl-auth-0.3.1.tgz",
			"integrity": "sha1-t1vC3xVkm7hOi5qjwGacbEvODSU=",
			"requires": {
				"tweetnacl": "0.x.x"
			}
		},
		"ultron": {
			"version": "1.0.2",
			"resolved": "https://registry.npmjs.org/ultron/-/ultron-1.0.2.tgz",
			"integrity": "sha1-rOEWq1V80Zc4ak6I9GhTeMiy5Po="
		},
		"ws": {
			"version": "1.1.5",
			"resolved": "https://registry.npmjs.org/ws/-/ws-1.1.5.tgz",
			"integrity": "sha512-o3KqipXNUdS7wpQzBHSe180lBGO60SoK0yVo3CYJgb2MkobuWuBX6dhkYP5ORCLd55y+SaflMOV5fqAB53ux4w==",
			"requires": {
				"options": ">=0.0.5",
				"ultron": "1.0.x"
			}
		}
	}
}
